
Microsoft Visual Studio Solution File, Format Version 12.00
# Visual Studio Version 17
VisualStudioVersion = 17.3.32929.385
MinimumVisualStudioVersion = 10.0.40219.1
Project("{9A19103F-16F7-4668-BE54-9A1E7A4F7556}") = "191-MOMENT-2", "191-MOMENT-2\191-MOMENT-2.csproj", "{DA33BA08-2529-4008-BE16-F657CE3BF0D5}"
EndProject
Global
	GlobalSection(SolutionConfigurationPlatforms) = preSolution
		Debug|Any CPU = Debug|Any CPU
		Release|Any CPU = Release|Any CPU
	EndGlobalSection
	GlobalSection(ProjectConfigurationPlatforms) = postSolution
		{DA33BA08-2529-4008-BE16-F657CE3BF0D5}.Debug|Any CPU.ActiveCfg = Debug|Any CPU
		{DA33BA08-2529-4008-BE16-F657CE3BF0D5}.Debug|Any CPU.Build.0 = Debug|Any CPU
		{DA33BA08-2529-4008-BE16-F657CE3BF0D5}.Release|Any CPU.ActiveCfg = Release|Any CPU
		{DA33BA08-2529-4008-BE16-F657CE3BF0D5}.Release|Any CPU.Build.0 = Release|Any CPU
	EndGlobalSection
	GlobalSection(SolutionProperties) = preSolution
		HideSolutionNode = FALSE
	EndGlobalSection
	GlobalSection(ExtensibilityGlobals) = postSolution
		SolutionGuid = {89BB2C26-289C-499B-9DA8-E43DA7E9E80A}
	EndGlobalSection
EndGlobal
